
Microsoft Visual Studio Solution File, Format Version 12.00
# Visual Studio Version 16
VisualStudioVersion = 16.0.30011.22
MinimumVisualStudioVersion = 10.0.40219.1
Project("{FAE04EC0-301F-11D3-BF4B-00C04F79EFBC}") = "ConsoleApp2", "ConsoleApp2\ConsoleApp2.csproj", "{EAB13084-7B42-422E-B8AF-C5CC60C91095}"
EndProject
Global
	GlobalSection(SolutionConfigurationPlatforms) = preSolution
		Debug|Any CPU = Debug|Any CPU
		Release|Any CPU = Release|Any CPU
	EndGlobalSection
	GlobalSection(ProjectConfigurationPlatforms) = postSolution
		{EAB13084-7B42-422E-B8AF-C5CC60C91095}.Debug|Any CPU.ActiveCfg = Debug|Any CPU
		{EAB13084-7B42-422E-B8AF-C5CC60C91095}.Debug|Any CPU.Build.0 = Debug|Any CPU
		{EAB13084-7B42-422E-B8AF-C5CC60C91095}.Release|Any CPU.ActiveCfg = Release|Any CPU
		{EAB13084-7B42-422E-B8AF-C5CC60C91095}.Release|Any CPU.Build.0 = Release|Any CPU
	EndGlobalSection
	GlobalSection(SolutionProperties) = preSolution
		HideSolutionNode = FALSE
	EndGlobalSection
	GlobalSection(ExtensibilityGlobals) = postSolution
		SolutionGuid = {6E46E961-7467-4AF4-A84A-1375888E3C22}
	EndGlobalSection
EndGlobal
